
Microsoft Visual Studio Solution File, Format Version 12.00
# Visual Studio Version 17
VisualStudioVersion = 17.4.33122.133
MinimumVisualStudioVersion = 10.0.40219.1
Project("{9A19103F-16F7-4668-BE54-9A1E7A4F7556}") = "SalesCar.WebAPI", "SalesCar.WebAPI\SalesCar.WebAPI.csproj", "{61943782-9B48-4EC4-BEFA-462041AB5B9B}"
	ProjectSection(ProjectDependencies) = postProject
		{44B6006E-13E8-4775-A184-35BDB061E8E1} = {44B6006E-13E8-4775-A184-35BDB061E8E1}
		{69743584-1BDA-4948-A57E-DF15D45FF50A} = {69743584-1BDA-4948-A57E-DF15D45FF50A}
		{F8BBA98A-D3AA-43F4-AFCB-66BEC310F3AE} = {F8BBA98A-D3AA-43F4-AFCB-66BEC310F3AE}
	EndProjectSection
EndProject
Project("{9A19103F-16F7-4668-BE54-9A1E7A4F7556}") = "SalesCar.Core", "SalesCar.Core\SalesCar.Core.csproj", "{69743584-1BDA-4948-A57E-DF15D45FF50A}"
EndProject
Project("{9A19103F-16F7-4668-BE54-9A1E7A4F7556}") = "SalesCar.Infrastructure", "SalesCar.Infrastructure\SalesCar.Infrastructure.csproj", "{44B6006E-13E8-4775-A184-35BDB061E8E1}"
EndProject
Project("{9A19103F-16F7-4668-BE54-9A1E7A4F7556}") = "SalesCar.Application", "SalesCar.Application\SalesCar.Application.csproj", "{F8BBA98A-D3AA-43F4-AFCB-66BEC310F3AE}"
	ProjectSection(ProjectDependencies) = postProject
		{69743584-1BDA-4948-A57E-DF15D45FF50A} = {69743584-1BDA-4948-A57E-DF15D45FF50A}
	EndProjectSection
EndProject
Global
	GlobalSection(SolutionConfigurationPlatforms) = preSolution
		Debug|Any CPU = Debug|Any CPU
		Release|Any CPU = Release|Any CPU
	EndGlobalSection
	GlobalSection(ProjectConfigurationPlatforms) = postSolution
		{61943782-9B48-4EC4-BEFA-462041AB5B9B}.Debug|Any CPU.ActiveCfg = Debug|Any CPU
		{61943782-9B48-4EC4-BEFA-462041AB5B9B}.Debug|Any CPU.Build.0 = Debug|Any CPU
		{61943782-9B48-4EC4-BEFA-462041AB5B9B}.Release|Any CPU.ActiveCfg = Release|Any CPU
		{61943782-9B48-4EC4-BEFA-462041AB5B9B}.Release|Any CPU.Build.0 = Release|Any CPU
		{69743584-1BDA-4948-A57E-DF15D45FF50A}.Debug|Any CPU.ActiveCfg = Debug|Any CPU
		{69743584-1BDA-4948-A57E-DF15D45FF50A}.Debug|Any CPU.Build.0 = Debug|Any CPU
		{69743584-1BDA-4948-A57E-DF15D45FF50A}.Release|Any CPU.ActiveCfg = Release|Any CPU
		{69743584-1BDA-4948-A57E-DF15D45FF50A}.Release|Any CPU.Build.0 = Release|Any CPU
		{44B6006E-13E8-4775-A184-35BDB061E8E1}.Debug|Any CPU.ActiveCfg = Debug|Any CPU
		{44B6006E-13E8-4775-A184-35BDB061E8E1}.Debug|Any CPU.Build.0 = Debug|Any CPU
		{44B6006E-13E8-4775-A184-35BDB061E8E1}.Release|Any CPU.ActiveCfg = Release|Any CPU
		{44B6006E-13E8-4775-A184-35BDB061E8E1}.Release|Any CPU.Build.0 = Release|Any CPU
		{F8BBA98A-D3AA-43F4-AFCB-66BEC310F3AE}.Debug|Any CPU.ActiveCfg = Debug|Any CPU
		{F8BBA98A-D3AA-43F4-AFCB-66BEC310F3AE}.Debug|Any CPU.Build.0 = Debug|Any CPU
		{F8BBA98A-D3AA-43F4-AFCB-66BEC310F3AE}.Release|Any CPU.ActiveCfg = Release|Any CPU
		{F8BBA98A-D3AA-43F4-AFCB-66BEC310F3AE}.Release|Any CPU.Build.0 = Release|Any CPU
	EndGlobalSection
	GlobalSection(SolutionProperties) = preSolution
		HideSolutionNode = FALSE
	EndGlobalSection
	GlobalSection(ExtensibilityGlobals) = postSolution
		SolutionGuid = {9D9D067E-6113-48FE-BEF4-2081C6BFEF8E}
	EndGlobalSection
EndGlobal
